# This file is automatically @generated by Cargo.
# It is not intended for manual editing.
version = 4

[[package]]
name = "arrayvec"
version = "0.7.6"
source = "registry+https://github.com/rust-lang/crates.io-index"
checksum = "7c02d123df017efcdfbd739ef81735b36c5ba83ec3c59c80a9d7ecc718f92e50"

[[package]]
name = "autocfg"
version = "1.5.0"
source = "registry+https://github.com/rust-lang/crates.io-index"
checksum = "c08606f8c3cbf4ce6ec8e28fb0014a2c086708fe954eaa885384a6165172e7e8"

[[package]]
name = "euclid"
version = "0.22.13"
source = "registry+https://github.com/rust-lang/crates.io-index"
checksum = "df61bf483e837f88d5c2291dcf55c67be7e676b3a51acc48db3a7b163b91ed63"
dependencies = [
 "num-traits",
]

[[package]]
name = "float_next_after"
version = "1.0.0"
source = "registry+https://github.com/rust-lang/crates.io-index"
checksum = "8bf7cc16383c4b8d58b9905a8509f02926ce3058053c056376248d958c9df1e8"

[[package]]
name = "heck"
version = "0.5.0"
source = "registry+https://github.com/rust-lang/crates.io-index"
checksum = "2304e00983f87ffb38b55b444b5e3b60a884b5d30c0fca7d82fe33449bbe55ea"

[[package]]
name = "infinite-client"
version = "0.1.0"
dependencies = [
 "lyon",
 "xross-core",
]

[[package]]
name = "itoa"
version = "1.0.17"
source = "registry+https://github.com/rust-lang/crates.io-index"
checksum = "92ecc6618181def0457392ccd0ee51198e065e016d1d527a7ac1b6dc7c1f09d2"

[[package]]
name = "libm"
version = "0.2.16"
source = "registry+https://github.com/rust-lang/crates.io-index"
checksum = "b6d2cec3eae94f9f509c767b45932f1ada8350c4bdb85af2fcab4a3c14807981"

[[package]]
name = "lyon"
version = "1.0.16"
source = "registry+https://github.com/rust-lang/crates.io-index"
checksum = "dbcb7d54d54c8937364c9d41902d066656817dce1e03a44e5533afebd1ef4352"
dependencies = [
 "lyon_algorithms",
 "lyon_tessellation",
]

[[package]]
name = "lyon_algorithms"
version = "1.0.16"
source = "registry+https://github.com/rust-lang/crates.io-index"
checksum = "f4c0829e28c4f336396f250d850c3987e16ce6db057ffe047ce0dd54aab6b647"
dependencies = [
 "lyon_path",
 "num-traits",
]

[[package]]
name = "lyon_geom"
version = "1.0.18"
source = "registry+https://github.com/rust-lang/crates.io-index"
checksum = "e260b6de923e6e47adfedf6243013a7a874684165a6a277594ee3906021b2343"
dependencies = [
 "arrayvec",
 "euclid",
 "num-traits",
]

[[package]]
name = "lyon_path"
version = "1.0.16"
source = "registry+https://github.com/rust-lang/crates.io-index"
checksum = "1aeca86bcfd632a15984ba029b539ffb811e0a70bf55e814ef8b0f54f506fdeb"
dependencies = [
 "lyon_geom",
 "num-traits",
]

[[package]]
name = "lyon_tessellation"
version = "1.0.16"
source = "registry+https://github.com/rust-lang/crates.io-index"
checksum = "f3f586142e1280335b1bc89539f7c97dd80f08fc43e9ab1b74ef0a42b04aa353"
dependencies = [
 "float_next_after",
 "lyon_path",
 "num-traits",
]

[[package]]
name = "memchr"
version = "2.8.0"
source = "registry+https://github.com/rust-lang/crates.io-index"
checksum = "f8ca58f447f06ed17d5fc4043ce1b10dd205e060fb3ce5b979b8ed8e59ff3f79"

[[package]]
name = "num-traits"
version = "0.2.19"
source = "registry+https://github.com/rust-lang/crates.io-index"
checksum = "071dfc062690e90b734c0b2273ce72ad0ffa95f0c74596bc250dcfd960262841"
dependencies = [
 "autocfg",
 "libm",
]

[[package]]
name = "proc-macro2"
version = "1.0.106"
source = "registry+https://github.com/rust-lang/crates.io-index"
checksum = "8fd00f0bb2e90d81d1044c2b32617f68fcb9fa3bb7640c23e9c748e53fb30934"
dependencies = [
 "unicode-ident",
]

[[package]]
name = "quote"
version = "1.0.44"
source = "registry+https://github.com/rust-lang/crates.io-index"
checksum = "21b2ebcf727b7760c461f091f9f0f539b77b8e87f2fd88131e7f1b433b3cece4"
dependencies = [
 "proc-macro2",
]

[[package]]
name = "serde"
version = "1.0.228"
source = "registry+https://github.com/rust-lang/crates.io-index"
checksum = "9a8e94ea7f378bd32cbbd37198a4a91436180c5bb472411e48b5ec2e2124ae9e"
dependencies = [
 "serde_core",
 "serde_derive",
]

[[package]]
name = "serde_core"
version = "1.0.228"
source = "registry+https://github.com/rust-lang/crates.io-index"
checksum = "41d385c7d4ca58e59fc732af25c3983b67ac852c1a25000afe1175de458b67ad"
dependencies = [
 "serde_derive",
]

[[package]]
name = "serde_derive"
version = "1.0.228"
source = "registry+https://github.com/rust-lang/crates.io-index"
checksum = "d540f220d3187173da220f885ab66608367b6574e925011a9353e4badda91d79"
dependencies = [
 "proc-macro2",
 "quote",
 "syn",
]

[[package]]
name = "serde_json"
version = "1.0.149"
source = "registry+https://github.com/rust-lang/crates.io-index"
checksum = "83fc039473c5595ace860d8c4fafa220ff474b3fc6bfdb4293327f1a37e94d86"
dependencies = [
 "itoa",
 "memchr",
 "serde",
 "serde_core",
 "zmij",
]

[[package]]
name = "syn"
version = "2.0.115"
source = "registry+https://github.com/rust-lang/crates.io-index"
checksum = "6e614ed320ac28113fa64972c4262d5dbc89deacdfd00c34a3e4cea073243c12"
dependencies = [
 "proc-macro2",
 "quote",
 "unicode-ident",
]

[[package]]
name = "unicode-ident"
version = "1.0.23"
source = "registry+https://github.com/rust-lang/crates.io-index"
checksum = "537dd038a89878be9b64dd4bd1b260315c1bb94f4d784956b81e27a088d9a09e"

[[package]]
name = "xross-core"
version = "2.0.1"
dependencies = [
 "xross-macros",
 "xross-metadata",
]

[[package]]
name = "xross-macros"
version = "2.0.1"
dependencies = [
 "heck",
 "proc-macro2",
 "quote",
 "serde_json",
 "syn",
 "xross-metadata",
]

[[package]]
name = "xross-metadata"
version = "2.0.1"
dependencies = [
 "serde",
]

[[package]]
name = "zmij"
version = "1.0.21"
source = "registry+https://github.com/rust-lang/crates.io-index"
checksum = "b8848ee67ecc8aedbaf3e4122217aff892639231befc6a1b58d29fff4c2cabaa"
